
Microsoft Visual Studio Solution File, Format Version 12.00
# Visual Studio Version 16
VisualStudioVersion = 16.0.31911.196
MinimumVisualStudioVersion = 10.0.40219.1
Project("{9A19103F-16F7-4668-BE54-9A1E7A4F7556}") = "AppSort", "AppSort.csproj", "{486C6370-7B09-4856-8B40-AAE19AAAF8BC}"
EndProject
Project("{FAE04EC0-301F-11D3-BF4B-00C04F79EFBC}") = "AppSortTests", "..\AppSortTests\AppSortTests.csproj", "{03095137-C543-4388-ACF9-20D3753CF9C9}"
EndProject
Global
	GlobalSection(SolutionConfigurationPlatforms) = preSolution
		Debug|Any CPU = Debug|Any CPU
		Release|Any CPU = Release|Any CPU
	EndGlobalSection
	GlobalSection(ProjectConfigurationPlatforms) = postSolution
		{486C6370-7B09-4856-8B40-AAE19AAAF8BC}.Debug|Any CPU.ActiveCfg = Debug|Any CPU
		{486C6370-7B09-4856-8B40-AAE19AAAF8BC}.Debug|Any CPU.Build.0 = Debug|Any CPU
		{486C6370-7B09-4856-8B40-AAE19AAAF8BC}.Release|Any CPU.ActiveCfg = Release|Any CPU
		{486C6370-7B09-4856-8B40-AAE19AAAF8BC}.Release|Any CPU.Build.0 = Release|Any CPU
		{03095137-C543-4388-ACF9-20D3753CF9C9}.Debug|Any CPU.ActiveCfg = Debug|Any CPU
		{03095137-C543-4388-ACF9-20D3753CF9C9}.Debug|Any CPU.Build.0 = Debug|Any CPU
		{03095137-C543-4388-ACF9-20D3753CF9C9}.Release|Any CPU.ActiveCfg = Release|Any CPU
		{03095137-C543-4388-ACF9-20D3753CF9C9}.Release|Any CPU.Build.0 = Release|Any CPU
	EndGlobalSection
	GlobalSection(SolutionProperties) = preSolution
		HideSolutionNode = FALSE
	EndGlobalSection
	GlobalSection(ExtensibilityGlobals) = postSolution
		SolutionGuid = {D0935FB7-94B1-4856-A2CA-82B87BAF36CC}
	EndGlobalSection
EndGlobal
